
Microsoft Visual Studio Solution File, Format Version 12.00
# Visual Studio 15
VisualStudioVersion = 15.0.28307.136
MinimumVisualStudioVersion = 10.0.40219.1
Project("{8BC9CEB8-8B4A-11D0-8D11-00A0C91BC942}") = "GraphicsDriver", "GraphicsDriver\GraphicsDriver.vcxproj", "{1926D96B-7F28-48F5-8126-EF175AFB7506}"
EndProject
Project("{8BC9CEB8-8B4A-11D0-8D11-00A0C91BC942}") = "GLAD", "GLAD\GLAD.vcxproj", "{7CB32599-0FE4-4E99-B879-1C7BC1076D79}"
EndProject
Global
	GlobalSection(SolutionConfigurationPlatforms) = preSolution
		Debug|x64 = Debug|x64
		Debug|x86 = Debug|x86
		Release|x64 = Release|x64
		Release|x86 = Release|x86
	EndGlobalSection
	GlobalSection(ProjectConfigurationPlatforms) = postSolution
		{1926D96B-7F28-48F5-8126-EF175AFB7506}.Debug|x64.ActiveCfg = Debug|x64
		{1926D96B-7F28-48F5-8126-EF175AFB7506}.Debug|x64.Build.0 = Debug|x64
		{1926D96B-7F28-48F5-8126-EF175AFB7506}.Debug|x86.ActiveCfg = Debug|Win32
		{1926D96B-7F28-48F5-8126-EF175AFB7506}.Debug|x86.Build.0 = Debug|Win32
		{1926D96B-7F28-48F5-8126-EF175AFB7506}.Release|x64.ActiveCfg = Release|x64
		{1926D96B-7F28-48F5-8126-EF175AFB7506}.Release|x64.Build.0 = Release|x64
		{1926D96B-7F28-48F5-8126-EF175AFB7506}.Release|x86.ActiveCfg = Release|Win32
		{1926D96B-7F28-48F5-8126-EF175AFB7506}.Release|x86.Build.0 = Release|Win32
		{7CB32599-0FE4-4E99-B879-1C7BC1076D79}.Debug|x64.ActiveCfg = Debug|x64
		{7CB32599-0FE4-4E99-B879-1C7BC1076D79}.Debug|x64.Build.0 = Debug|x64
		{7CB32599-0FE4-4E99-B879-1C7BC1076D79}.Debug|x86.ActiveCfg = Debug|Win32
		{7CB32599-0FE4-4E99-B879-1C7BC1076D79}.Debug|x86.Build.0 = Debug|Win32
		{7CB32599-0FE4-4E99-B879-1C7BC1076D79}.Release|x64.ActiveCfg = Release|x64
		{7CB32599-0FE4-4E99-B879-1C7BC1076D79}.Release|x64.Build.0 = Release|x64
		{7CB32599-0FE4-4E99-B879-1C7BC1076D79}.Release|x86.ActiveCfg = Release|Win32
		{7CB32599-0FE4-4E99-B879-1C7BC1076D79}.Release|x86.Build.0 = Release|Win32
	EndGlobalSection
	GlobalSection(SolutionProperties) = preSolution
		HideSolutionNode = FALSE
	EndGlobalSection
	GlobalSection(ExtensibilityGlobals) = postSolution
		SolutionGuid = {298B1380-9F1D-410C-AC53-FF6CB98657E1}
	EndGlobalSection
EndGlobal
